{
  "name": "using_roact",
  "lockfileVersion": 2,
  "requires": true,
  "packages": {
    "": {
      "dependencies": {
        "@rbxts/compiler-types": "^2.1.0-types.1",
        "@rbxts/roact": "^1.4.4-ts.0",
        "@rbxts/services": "^1.5.1",
        "@rbxts/types": "^1.0.659",
        "typescript": "^4.9.5"
      }
    },
    "node_modules/@rbxts/compiler-types": {
      "version": "2.1.0-types.1",
      "resolved": "https://registry.npmjs.org/@rbxts/compiler-types/-/compiler-types-2.1.0-types.1.tgz",
      "integrity": "sha512-+ztwutzuNivWsgsERiC7n5il4C5gfJUuGJUmXYRq8FwY4ye3aupRi9RocmyAHq6255sO7z+RM61AVbqx3llsLQ=="
    },
    "node_modules/@rbxts/roact": {
      "version": "1.4.4-ts.0",
      "resolved": "https://registry.npmjs.org/@rbxts/roact/-/roact-1.4.4-ts.0.tgz",
      "integrity": "sha512-gn9mBoGG/Clzgv2kyOvLNVd9dh5t6z+jukC3ITv2HnfPqvf/sMbz/VMaBoiB7t5umuiIe0LjW0ctZrkrS+uTOA=="
    },
    "node_modules/@rbxts/services": {
      "version": "1.5.1",
      "resolved": "https://registry.npmjs.org/@rbxts/services/-/services-1.5.1.tgz",
      "integrity": "sha512-SRtfIjga0K4YYSXRpK+eH3kcTq7ZXo9OHOt0jszaOOoEOIJloMGlyuRPqesPHyhveh2AMXAZr3TYbRMSD+u+kQ=="
    },
    "node_modules/@rbxts/types": {
      "version": "1.0.659",
      "resolved": "https://registry.npmjs.org/@rbxts/types/-/types-1.0.659.tgz",
      "integrity": "sha512-NjTCv01LhqRk5totAbV4lUHUa8f6DFqK37EFSpIpDcLAk6Ap9bLS0LSBLW49oLzDn8newLNLQzbWPjkYC6N9FA=="
    },
    "node_modules/typescript": {
      "version": "4.9.5",
      "resolved": "https://registry.npmjs.org/typescript/-/typescript-4.9.5.tgz",
      "integrity": "sha512-1FXk9E2Hm+QzZQ7z+McJiHL4NW1F2EzMu9Nq9i3zAaGqibafqYwCVU6WyWAuyQRRzOlxou8xZSyXLEN8oKj24g==",
      "bin": {
        "tsc": "bin/tsc",
        "tsserver": "bin/tsserver"
      },
      "engines": {
        "node": ">=4.2.0"
      }
    }
  },
  "dependencies": {
    "@rbxts/compiler-types": {
      "version": "2.1.0-types.1",
      "resolved": "https://registry.npmjs.org/@rbxts/compiler-types/-/compiler-types-2.1.0-types.1.tgz",
      "integrity": "sha512-+ztwutzuNivWsgsERiC7n5il4C5gfJUuGJUmXYRq8FwY4ye3aupRi9RocmyAHq6255sO7z+RM61AVbqx3llsLQ=="
    },
    "@rbxts/roact": {
      "version": "1.4.4-ts.0",
      "resolved": "https://registry.npmjs.org/@rbxts/roact/-/roact-1.4.4-ts.0.tgz",
      "integrity": "sha512-gn9mBoGG/Clzgv2kyOvLNVd9dh5t6z+jukC3ITv2HnfPqvf/sMbz/VMaBoiB7t5umuiIe0LjW0ctZrkrS+uTOA=="
    },
    "@rbxts/services": {
      "version": "1.5.1",
      "resolved": "https://registry.npmjs.org/@rbxts/services/-/services-1.5.1.tgz",
      "integrity": "sha512-SRtfIjga0K4YYSXRpK+eH3kcTq7ZXo9OHOt0jszaOOoEOIJloMGlyuRPqesPHyhveh2AMXAZr3TYbRMSD+u+kQ=="
    },
    "@rbxts/types": {
      "version": "1.0.659",
      "resolved": "https://registry.npmjs.org/@rbxts/types/-/types-1.0.659.tgz",
      "integrity": "sha512-NjTCv01LhqRk5totAbV4lUHUa8f6DFqK37EFSpIpDcLAk6Ap9bLS0LSBLW49oLzDn8newLNLQzbWPjkYC6N9FA=="
    },
    "typescript": {
      "version": "4.9.5",
      "resolved": "https://registry.npmjs.org/typescript/-/typescript-4.9.5.tgz",
      "integrity": "sha512-1FXk9E2Hm+QzZQ7z+McJiHL4NW1F2EzMu9Nq9i3zAaGqibafqYwCVU6WyWAuyQRRzOlxou8xZSyXLEN8oKj24g=="
    }
  }
}
